# THIS IS AN AUTOGENERATED FILE. DO NOT EDIT THIS FILE DIRECTLY.
# yarn lockfile v1


"@babel/runtime@^7.10.5", "@babel/runtime@^7.11.2", "@babel/runtime@^7.12.5":
  "version" "7.17.2"
  dependencies:
    "regenerator-runtime" "^0.13.4"

"@cspotcode/source-map-consumer@0.8.0":
  "integrity" "sha512-41qniHzTU8yAGbCp04ohlmSrZf8bkf/iJsl3V0dRGsQN/5GFfx+LbCSsCpp2gqrqjTVg/K6O8ycoV35JIwAzAg=="
  "resolved" "https://registry.npmjs.org/@cspotcode/source-map-consumer/-/source-map-consumer-0.8.0.tgz"
  "version" "0.8.0"

"@cspotcode/source-map-support@0.7.0":
  "integrity" "sha512-X4xqRHqN8ACt2aHVe51OxeA2HjbcL4MqFqXkrmQszJ1NOUuUu5u6Vqx/0lZSVNku7velL5FC/s5uEAj1lsBMhA=="
  "resolved" "https://registry.npmjs.org/@cspotcode/source-map-support/-/source-map-support-0.7.0.tgz"
  "version" "0.7.0"
  dependencies:
    "@cspotcode/source-map-consumer" "0.8.0"

"@ethersproject/bytes@^5.5.0":
  "version" "5.5.0"
  dependencies:
    "@ethersproject/logger" "^5.5.0"

"@ethersproject/logger@^5.5.0":
  "version" "5.5.0"

"@ethersproject/sha2@^5.5.0":
  "version" "5.5.0"
  dependencies:
    "@ethersproject/bytes" "^5.5.0"
    "@ethersproject/logger" "^5.5.0"
    "hash.js" "1.1.7"

"@hapi/hoek@^9.0.0":
  "version" "9.2.1"

"@hapi/topo@^5.0.0":
  "version" "5.1.0"
  dependencies:
    "@hapi/hoek" "^9.0.0"

"@project-serum/anchor@^0.22", "@project-serum/anchor@^0.22.0", "@project-serum/anchor@^0.22.1", "@project-serum/anchor@>=0.19":
  "version" "0.22.1"
  dependencies:
    "@project-serum/borsh" "^0.2.5"
    "@solana/web3.js" "^1.17.0"
    "base64-js" "^1.5.1"
    "bn.js" "^5.1.2"
    "bs58" "^4.0.1"
    "buffer-layout" "^1.2.2"
    "camelcase" "^5.3.1"
    "cross-fetch" "^3.1.5"
    "crypto-hash" "^1.3.0"
    "eventemitter3" "^4.0.7"
    "find" "^0.3.0"
    "js-sha256" "^0.9.0"
    "pako" "^2.0.3"
    "snake-case" "^3.0.4"
    "toml" "^3.0.0"

"@project-serum/borsh@^0.2.5":
  "version" "0.2.5"
  dependencies:
    "bn.js" "^5.1.2"
    "buffer-layout" "^1.2.0"

"@protobufjs/aspromise@^1.1.1", "@protobufjs/aspromise@^1.1.2":
  "version" "1.1.2"

"@protobufjs/base64@^1.1.2":
  "version" "1.1.2"

"@protobufjs/codegen@^2.0.4":
  "version" "2.0.4"

"@protobufjs/eventemitter@^1.1.0":
  "version" "1.1.0"

"@protobufjs/fetch@^1.1.0":
  "version" "1.1.0"
  dependencies:
    "@protobufjs/aspromise" "^1.1.1"
    "@protobufjs/inquire" "^1.1.0"

"@protobufjs/float@^1.0.2":
  "version" "1.0.2"

"@protobufjs/inquire@^1.1.0":
  "version" "1.1.0"

"@protobufjs/path@^1.1.2":
  "version" "1.1.2"

"@protobufjs/pool@^1.1.0":
  "version" "1.1.0"

"@protobufjs/utf8@^1.1.0":
  "version" "1.1.0"

"@quarryprotocol/quarry-sdk@^4.1.0":
  "integrity" "sha512-1p/U4X5+6v9XH324ktHk/F8C5O3we1I1V4NNHGYLemeioCux2Gj8ZIfIN/iH5YOCtvkwlcNm3nwfCNCJgxTLUA=="
  "resolved" "https://registry.npmjs.org/@quarryprotocol/quarry-sdk/-/quarry-sdk-4.1.0.tgz"
  "version" "4.1.0"
  dependencies:
    "tiny-invariant" "^1.2.0"
    "tslib" "^2.3.1"

"@saberhq/anchor-contrib@^1.12":
  "integrity" "sha512-83EHEgzUcVCXG86cfnON3GnjHCZr6i/nCiGL5i4dKYlHnUYGn5reCu6qllO7D9AurqTntqLLP2XN6qLDb4AnQw=="
  "resolved" "https://registry.npmjs.org/@saberhq/anchor-contrib/-/anchor-contrib-1.12.58.tgz"
  "version" "1.12.58"
  dependencies:
    "@saberhq/solana-contrib" "^1.12.58"
    "eventemitter3" "^4.0.7"
    "lodash.camelcase" "^4.3.0"
    "lodash.mapvalues" "^4.6.0"
    "tslib" "^2.3.1"

"@saberhq/solana-contrib@^1.12", "@saberhq/solana-contrib@^1.12.58":
  "integrity" "sha512-rquqRvmTmU/NKMxffyhtO3FkzrV6l+9b0kOhlBK6MHgBYNlDkZmTLeBdfsk1DRLeolO9hGLdM7yRtDWLPgUKhA=="
  "resolved" "https://registry.npmjs.org/@saberhq/solana-contrib/-/solana-contrib-1.12.58.tgz"
  "version" "1.12.58"
  dependencies:
    "@solana/buffer-layout" "^4.0.0"
    "@types/promise-retry" "^1.1.3"
    "@types/retry" "^0.12.1"
    "promise-retry" "^2.0.1"
    "retry" "^0.13.1"
    "tiny-invariant" "^1.2.0"
    "tslib" "^2.3.1"

"@saberhq/token-utils@^1.12":
  "integrity" "sha512-1ZVLVAocbY/gYp0HuJlBbkA8s/BdF6t8byP1YkxY3xELp74dP8jwrkzB8GRK6U0Kt7LoamPcRwxKT1ZDnJg5Jw=="
  "resolved" "https://registry.npmjs.org/@saberhq/token-utils/-/token-utils-1.12.58.tgz"
  "version" "1.12.58"
  dependencies:
    "@saberhq/solana-contrib" "^1.12.58"
    "@solana/buffer-layout" "^4.0.0"
    "@solana/spl-token" "^0.1.8"
    "@ubeswap/token-math" "^4.4.6"
    "tiny-invariant" "^1.2.0"
    "tslib" "^2.3.1"

"@sideway/address@^4.1.3":
  "version" "4.1.3"
  dependencies:
    "@hapi/hoek" "^9.0.0"

"@sideway/formula@^3.0.0":
  "version" "3.0.0"

"@sideway/pinpoint@^2.0.0":
  "version" "2.0.0"

"@solana/buffer-layout-utils@^0.2.0":
  "version" "0.2.0"
  dependencies:
    "@solana/buffer-layout" "^4.0.0"
    "@solana/web3.js" "^1.32.0"
    "bigint-buffer" "^1.1.5"
    "bignumber.js" "^9.0.1"

"@solana/buffer-layout@^3.0.0":
  "version" "3.0.0"
  dependencies:
    "buffer" "~6.0.3"

"@solana/buffer-layout@^4.0.0":
  "version" "4.0.0"
  dependencies:
    "buffer" "~6.0.3"

"@solana/spl-token@^0.1.8":
  "integrity" "sha512-LZmYCKcPQDtJgecvWOgT/cnoIQPWjdH+QVyzPcFvyDUiT0DiRjZaam4aqNUyvchLFhzgunv3d9xOoyE34ofdoQ=="
  "resolved" "https://registry.npmjs.org/@solana/spl-token/-/spl-token-0.1.8.tgz"
  "version" "0.1.8"
  dependencies:
    "@babel/runtime" "^7.10.5"
    "@solana/web3.js" "^1.21.0"
    "bn.js" "^5.1.0"
    "buffer" "6.0.3"
    "buffer-layout" "^1.2.0"
    "dotenv" "10.0.0"

"@solana/spl-token@^0.2.0":
  "version" "0.2.0"
  dependencies:
    "@solana/buffer-layout" "^4.0.0"
    "@solana/buffer-layout-utils" "^0.2.0"
    "@solana/web3.js" "^1.32.0"
    "start-server-and-test" "^1.14.0"

"@solana/web3.js@^1", "@solana/web3.js@^1.17.0", "@solana/web3.js@^1.2.0", "@solana/web3.js@^1.21.0", "@solana/web3.js@^1.29.2", "@solana/web3.js@^1.32.0", "@solana/web3.js@^1.33.0", "@solana/web3.js@>=1.29.2":
  "version" "1.36.0"
  dependencies:
    "@babel/runtime" "^7.12.5"
    "@ethersproject/sha2" "^5.5.0"
    "@solana/buffer-layout" "^3.0.0"
    "bn.js" "^5.0.0"
    "borsh" "^0.4.0"
    "bs58" "^4.0.1"
    "buffer" "6.0.1"
    "cross-fetch" "^3.1.4"
    "jayson" "^3.4.4"
    "js-sha3" "^0.8.0"
    "rpc-websockets" "^7.4.2"
    "secp256k1" "^4.0.2"
    "superstruct" "^0.14.2"
    "tweetnacl" "^1.0.0"

"@switchboard-xyz/switchboard-api@^0.2.150", "@switchboard-xyz/switchboard-api@^0.2.61":
  "version" "0.2.180"
  dependencies:
    "@solana/web3.js" "^1.17.0"
    "@switchboard-xyz/switchboard-api" "^0.2.61"
    "form-data" "^4.0.0"
    "protobufjs" "^6.10.2"
    "rpc-websockets" "^7.4.12"
    "typedoc" "^0.20.36"
    "ws" "^7.4.6"

"@switchboard-xyz/switchboard-v2@^0.0.67":
  "version" "0.0.67"
  dependencies:
    "@project-serum/anchor" "^0.22.0"
    "@solana/spl-token" "^0.1.8"
    "@solana/web3.js" "^1.33.0"
    "@switchboard-xyz/switchboard-api" "^0.2.150"
    "assert" "^2.0.0"
    "big.js" "^6.1.1"
    "bs58" "^4.0.1"
    "buffer-layout" "^1.2.0"
    "chan" "^0.6.1"
    "crypto-js" "^4.0.0"
    "long" "^4.0.0"
    "protobufjs" "^6.10.2"
    "ts-proto" "^1.79.0"
    "typescript" "^4.2.4"

"@tsconfig/node10@^1.0.7":
  "integrity" "sha512-6XFfSQmMgq0CFLY1MslA/CPUfhIL919M1rMsa5lP2P097N2Wd1sSX0tx1u4olM16fLNhtHZpRhedZJphNJqmZg=="
  "resolved" "https://registry.npmjs.org/@tsconfig/node10/-/node10-1.0.8.tgz"
  "version" "1.0.8"

"@tsconfig/node12@^1.0.7":
  "integrity" "sha512-/yBMcem+fbvhSREH+s14YJi18sp7J9jpuhYByADT2rypfajMZZN4WQ6zBGgBKp53NKmqI36wFYDb3yaMPurITw=="
  "resolved" "https://registry.npmjs.org/@tsconfig/node12/-/node12-1.0.9.tgz"
  "version" "1.0.9"

"@tsconfig/node14@^1.0.0":
  "integrity" "sha512-509r2+yARFfHHE7T6Puu2jjkoycftovhXRqW328PDXTVGKihlb1P8Z9mMZH04ebyajfRY7dedfGynlrFHJUQCg=="
  "resolved" "https://registry.npmjs.org/@tsconfig/node14/-/node14-1.0.1.tgz"
  "version" "1.0.1"

"@tsconfig/node16@^1.0.2":
  "integrity" "sha512-eZxlbI8GZscaGS7kkc/trHTT5xgrjH3/1n2JDwusC9iahPKWMRvRjJSAN5mCXviuTGQ/lHnhvv8Q1YTpnfz9gA=="
  "resolved" "https://registry.npmjs.org/@tsconfig/node16/-/node16-1.0.2.tgz"
  "version" "1.0.2"

"@types/bn.js@^4.11.5":
  "version" "4.11.6"
  dependencies:
    "@types/node" "*"

"@types/chai@^4.3.0":
  "version" "4.3.0"

"@types/connect@^3.4.33":
  "version" "3.4.35"
  dependencies:
    "@types/node" "*"

"@types/express-serve-static-core@^4.17.9":
  "version" "4.17.28"
  dependencies:
    "@types/node" "*"
    "@types/qs" "*"
    "@types/range-parser" "*"

"@types/json5@^0.0.29":
  "version" "0.0.29"

"@types/lodash@^4.14.159":
  "version" "4.14.179"

"@types/long@^4.0.1":
  "version" "4.0.1"

"@types/mocha@^9.0.0":
  "version" "9.1.0"

"@types/node@*", "@types/node@^17.0.21", "@types/node@>=13.7.0":
  "version" "17.0.21"

"@types/node@^12.12.54":
  "version" "12.20.46"

"@types/object-hash@^1.3.0":
  "version" "1.3.4"

"@types/promise-retry@^1.1.3":
  "integrity" "sha512-LxIlEpEX6frE3co3vCO2EUJfHIta1IOmhDlcAsR4GMMv9hev1iTI9VwberVGkePJAuLZs5rMucrV8CziCfuJMw=="
  "resolved" "https://registry.npmjs.org/@types/promise-retry/-/promise-retry-1.1.3.tgz"
  "version" "1.1.3"
  dependencies:
    "@types/retry" "*"

"@types/qs@*":
  "version" "6.9.7"

"@types/range-parser@*":
  "version" "1.2.4"

"@types/retry@*", "@types/retry@^0.12.1":
  "integrity" "sha512-xoDlM2S4ortawSWORYqsdU+2rxdh4LRW9ytc3zmT37RIKQh6IHyKwwtKhKis9ah8ol07DCkZxPt8BBvPjC6v4g=="
  "resolved" "https://registry.npmjs.org/@types/retry/-/retry-0.12.1.tgz"
  "version" "0.12.1"

"@types/ws@^7.4.4":
  "version" "7.4.7"
  dependencies:
    "@types/node" "*"

"@types/yargs-parser@*":
  "integrity" "sha512-iO9ZQHkZxHn4mSakYV0vFHAVDyEOIJQrV2uZ06HxEPcx+mt8swXoZHIbaaJ2crJYFfErySgktuTZ3BeLz+XmFA=="
  "resolved" "https://registry.npmjs.org/@types/yargs-parser/-/yargs-parser-21.0.0.tgz"
  "version" "21.0.0"

"@types/yargs@^17.0.10":
  "integrity" "sha512-gmEaFwpj/7f/ROdtIlci1R1VYU1J4j95m8T+Tj3iBgiBFKg1foE/PSl93bBd5T9LDXNPo8UlNN6W0qwD8O5OaA=="
  "resolved" "https://registry.npmjs.org/@types/yargs/-/yargs-17.0.10.tgz"
  "version" "17.0.10"
  dependencies:
    "@types/yargs-parser" "*"

"@ubeswap/token-math@^4.4.6":
  "integrity" "sha512-wEdexdyhymaSnyvJ2dx512Fxzxo/dkMqIRZQ9cePTqhJwyUg9jOpi2XAq0FAOf7KQEdYgfDSIMrkWeBNvfoYVQ=="
  "resolved" "https://registry.npmjs.org/@ubeswap/token-math/-/token-math-4.4.6.tgz"
  "version" "4.4.6"
  dependencies:
    "big.js" "^6.1.1"
    "decimal.js-light" "^2.5.1"
    "tiny-invariant" "^1.2.0"
    "toformat" "^2.0.0"
    "tslib" "^2.3.1"

"@ungap/promise-all-settled@1.1.2":
  "version" "1.1.2"

"acorn-walk@^8.1.1":
  "integrity" "sha512-k+iyHEuPgSw6SbuDpGQM+06HQUa04DZ3o+F6CSzXMvvI5KMvnaEqXe+YVe555R9nn6GPt404fos4wcgpw12SDA=="
  "resolved" "https://registry.npmjs.org/acorn-walk/-/acorn-walk-8.2.0.tgz"
  "version" "8.2.0"

"acorn@^8.4.1":
  "integrity" "sha512-V/LGr1APy+PXIwKebEWrkZPwoeoF+w1jiOBUmuxuiUIaOHtob8Qc9BTrYo7VuI5fR8tqsy+buA2WFooR5olqvQ=="
  "resolved" "https://registry.npmjs.org/acorn/-/acorn-8.7.0.tgz"
  "version" "8.7.0"

"ansi-colors@4.1.1":
  "version" "4.1.1"

"ansi-regex@^5.0.1":
  "version" "5.0.1"

"ansi-styles@^4.0.0", "ansi-styles@^4.1.0":
  "version" "4.3.0"
  dependencies:
    "color-convert" "^2.0.1"

"anymatch@~3.1.2":
  "version" "3.1.2"
  dependencies:
    "normalize-path" "^3.0.0"
    "picomatch" "^2.0.4"

"arg@^4.1.0":
  "integrity" "sha512-58S9QDqG0Xx27YwPSt9fJxivjYl432YCwfDMfZ+71RAqUrZef7LrKQZ3LHLOwCS4FLNBplP533Zx895SeOCHvA=="
  "resolved" "https://registry.npmjs.org/arg/-/arg-4.1.3.tgz"
  "version" "4.1.3"

"argparse@^2.0.1":
  "version" "2.0.1"

"arrify@^1.0.0":
  "integrity" "sha1-iYUI2iIm84DfkEcoRWhJwVAaSw0="
  "resolved" "https://registry.npmjs.org/arrify/-/arrify-1.0.1.tgz"
  "version" "1.0.1"

"assert@^2.0.0":
  "version" "2.0.0"
  dependencies:
    "es6-object-assign" "^1.1.0"
    "is-nan" "^1.2.1"
    "object-is" "^1.0.1"
    "util" "^0.12.0"

"assertion-error@^1.1.0":
  "version" "1.1.0"

"asynckit@^0.4.0":
  "version" "0.4.0"

"at-least-node@^1.0.0":
  "version" "1.0.0"

"available-typed-arrays@^1.0.5":
  "version" "1.0.5"

"axios@^0.21.1":
  "version" "0.21.4"
  dependencies:
    "follow-redirects" "^1.14.0"

"balanced-match@^1.0.0":
  "version" "1.0.2"

"base-x@^3.0.2":
  "version" "3.0.9"
  dependencies:
    "safe-buffer" "^5.0.1"

"base64-js@^1.3.1", "base64-js@^1.5.1":
  "version" "1.5.1"

"big.js@^6.1.1":
  "version" "6.1.1"

"bigint-buffer@^1.1.5":
  "version" "1.1.5"
  dependencies:
    "bindings" "^1.3.0"

"bignumber.js@^9.0.1":
  "version" "9.0.2"

"binary-extensions@^2.0.0":
  "version" "2.2.0"

"bindings@^1.3.0":
  "version" "1.5.0"
  dependencies:
    "file-uri-to-path" "1.0.0"

"bluebird@3.7.2":
  "version" "3.7.2"

"bn.js@^4 || ^5", "bn.js@^5.0.0", "bn.js@^5.1.0", "bn.js@^5.1.2", "bn.js@^5.2.0":
  "version" "5.2.0"

"bn.js@^4.11.9":
  "version" "4.12.0"

"borsh@^0.4.0":
  "version" "0.4.0"
  dependencies:
    "@types/bn.js" "^4.11.5"
    "bn.js" "^5.0.0"
    "bs58" "^4.0.0"
    "text-encoding-utf-8" "^1.0.2"

"brace-expansion@^1.1.7":
  "version" "1.1.11"
  dependencies:
    "balanced-match" "^1.0.0"
    "concat-map" "0.0.1"

"braces@~3.0.2":
  "version" "3.0.2"
  dependencies:
    "fill-range" "^7.0.1"

"brorand@^1.1.0":
  "version" "1.1.0"

"browser-stdout@1.3.1":
  "version" "1.3.1"

"bs58@^4.0.0", "bs58@^4.0.1":
  "version" "4.0.1"
  dependencies:
    "base-x" "^3.0.2"

"buffer-from@^1.0.0", "buffer-from@^1.1.0":
  "integrity" "sha512-E+XQCRwSbaaiChtv6k6Dwgc+bx+Bs6vuKJHHl5kox/BaKbhiXzqQOwK4cO22yElGp2OCmjwVhT3HmxgyPGnJfQ=="
  "resolved" "https://registry.npmjs.org/buffer-from/-/buffer-from-1.1.2.tgz"
  "version" "1.1.2"

"buffer-layout@^1.2.0", "buffer-layout@^1.2.2":
  "version" "1.2.2"

"buffer@~6.0.3", "buffer@6.0.3":
  "version" "6.0.3"
  dependencies:
    "base64-js" "^1.3.1"
    "ieee754" "^1.2.1"

"buffer@6.0.1":
  "version" "6.0.1"
  dependencies:
    "base64-js" "^1.3.1"
    "ieee754" "^1.2.1"

"bufferutil@^4.0.1":
  "version" "4.0.6"
  dependencies:
    "node-gyp-build" "^4.3.0"

"call-bind@^1.0.0", "call-bind@^1.0.2":
  "version" "1.0.2"
  dependencies:
    "function-bind" "^1.1.1"
    "get-intrinsic" "^1.0.2"

"camelcase@^5.3.1":
  "version" "5.3.1"

"camelcase@^6.0.0":
  "version" "6.3.0"

"chai@^4.3.4":
  "version" "4.3.6"
  dependencies:
    "assertion-error" "^1.1.0"
    "check-error" "^1.0.2"
    "deep-eql" "^3.0.1"
    "get-func-name" "^2.0.0"
    "loupe" "^2.3.1"
    "pathval" "^1.1.1"
    "type-detect" "^4.0.5"

"chalk@^4.1.0":
  "version" "4.1.2"
  dependencies:
    "ansi-styles" "^4.1.0"
    "supports-color" "^7.1.0"

"chan@^0.6.1":
  "version" "0.6.1"

"check-error@^1.0.2":
  "version" "1.0.2"

"check-more-types@2.24.0":
  "version" "2.24.0"

"chokidar@3.5.3":
  "version" "3.5.3"
  dependencies:
    "anymatch" "~3.1.2"
    "braces" "~3.0.2"
    "glob-parent" "~5.1.2"
    "is-binary-path" "~2.1.0"
    "is-glob" "~4.0.1"
    "normalize-path" "~3.0.0"
    "readdirp" "~3.6.0"
  optionalDependencies:
    "fsevents" "~2.3.2"

"circular-json@^0.5.9":
  "version" "0.5.9"

"cliui@^7.0.2":
  "version" "7.0.4"
  dependencies:
    "string-width" "^4.2.0"
    "strip-ansi" "^6.0.0"
    "wrap-ansi" "^7.0.0"

"color-convert@^2.0.1":
  "version" "2.0.1"
  dependencies:
    "color-name" "~1.1.4"

"color-name@~1.1.4":
  "version" "1.1.4"

"colors@^1.4.0":
  "version" "1.4.0"

"combined-stream@^1.0.8":
  "version" "1.0.8"
  dependencies:
    "delayed-stream" "~1.0.0"

"commander@^2.20.3":
  "version" "2.20.3"

"concat-map@0.0.1":
  "version" "0.0.1"

"create-require@^1.1.0":
  "integrity" "sha512-dcKFX3jn0MpIaXjisoRvexIJVEKzaq7z2rZKxf+MSr9TkdmHmsU4m2lcLojrj/FHl8mk5VxMmYA+ftRkP/3oKQ=="
  "resolved" "https://registry.npmjs.org/create-require/-/create-require-1.1.1.tgz"
  "version" "1.1.1"

"cross-fetch@^3.1.4", "cross-fetch@^3.1.5":
  "version" "3.1.5"
  dependencies:
    "node-fetch" "2.6.7"

"cross-spawn@^7.0.3":
  "version" "7.0.3"
  dependencies:
    "path-key" "^3.1.0"
    "shebang-command" "^2.0.0"
    "which" "^2.0.1"

"crypto-hash@^1.3.0":
  "version" "1.3.0"

"crypto-js@^4.0.0":
  "version" "4.1.1"

"dataloader@^1.4.0":
  "version" "1.4.0"

"debug@4.3.2":
  "version" "4.3.2"
  dependencies:
    "ms" "2.1.2"

"debug@4.3.3":
  "version" "4.3.3"
  dependencies:
    "ms" "2.1.2"

"decamelize@^4.0.0":
  "version" "4.0.0"

"decimal.js-light@^2.5.1":
  "integrity" "sha512-qIMFpTMZmny+MMIitAB6D7iVPEorVw6YQRWkvarTkT4tBeSLLiHzcwj6q0MmYSFCiVpiqPJTJEYIrpcPzVEIvg=="
  "resolved" "https://registry.npmjs.org/decimal.js-light/-/decimal.js-light-2.5.1.tgz"
  "version" "2.5.1"

"deep-eql@^3.0.1":
  "version" "3.0.1"
  dependencies:
    "type-detect" "^4.0.0"

"define-properties@^1.1.3":
  "version" "1.1.3"
  dependencies:
    "object-keys" "^1.0.12"

"delay@^5.0.0":
  "version" "5.0.0"

"delayed-stream@~1.0.0":
  "version" "1.0.0"

"diff@^3.1.0":
  "integrity" "sha512-A46qtFgd+g7pDZinpnwiRJtxbC1hpgf0uzP3iG89scHk0AUC7A1TGxf5OiiOUv/JMZR8GOt8hL900hV0bOy5xA=="
  "resolved" "https://registry.npmjs.org/diff/-/diff-3.5.0.tgz"
  "version" "3.5.0"

"diff@^4.0.1":
  "integrity" "sha512-58lmxKSA4BNyLz+HHMUzlOEpg09FV+ev6ZMe3vJihgdxzgcwZ8VoEEPmALCZG9LmqfVoNMMKpttIYTVG6uDY7A=="
  "resolved" "https://registry.npmjs.org/diff/-/diff-4.0.2.tgz"
  "version" "4.0.2"

"diff@5.0.0":
  "version" "5.0.0"

"dot-case@^3.0.4":
  "version" "3.0.4"
  dependencies:
    "no-case" "^3.0.4"
    "tslib" "^2.0.3"

"dotenv@10.0.0":
  "version" "10.0.0"

"duplexer@~0.1.1":
  "version" "0.1.2"

"elliptic@^6.5.4":
  "version" "6.5.4"
  dependencies:
    "bn.js" "^4.11.9"
    "brorand" "^1.1.0"
    "hash.js" "^1.0.0"
    "hmac-drbg" "^1.0.1"
    "inherits" "^2.0.4"
    "minimalistic-assert" "^1.0.1"
    "minimalistic-crypto-utils" "^1.0.1"

"emoji-regex@^8.0.0":
  "version" "8.0.0"

"err-code@^2.0.2":
  "integrity" "sha512-2bmlRpNKBxT/CRmPOlyISQpNj+qSeYvcym/uT0Jx2bMOlKLtSy1ZmLuVxSEKKyor/N5yhvp/ZiG1oE3DEYMSFA=="
  "resolved" "https://registry.npmjs.org/err-code/-/err-code-2.0.3.tgz"
  "version" "2.0.3"

"es-abstract@^1.18.5":
  "version" "1.19.1"
  dependencies:
    "call-bind" "^1.0.2"
    "es-to-primitive" "^1.2.1"
    "function-bind" "^1.1.1"
    "get-intrinsic" "^1.1.1"
    "get-symbol-description" "^1.0.0"
    "has" "^1.0.3"
    "has-symbols" "^1.0.2"
    "internal-slot" "^1.0.3"
    "is-callable" "^1.2.4"
    "is-negative-zero" "^2.0.1"
    "is-regex" "^1.1.4"
    "is-shared-array-buffer" "^1.0.1"
    "is-string" "^1.0.7"
    "is-weakref" "^1.0.1"
    "object-inspect" "^1.11.0"
    "object-keys" "^1.1.1"
    "object.assign" "^4.1.2"
    "string.prototype.trimend" "^1.0.4"
    "string.prototype.trimstart" "^1.0.4"
    "unbox-primitive" "^1.0.1"

"es-to-primitive@^1.2.1":
  "version" "1.2.1"
  dependencies:
    "is-callable" "^1.1.4"
    "is-date-object" "^1.0.1"
    "is-symbol" "^1.0.2"

"es6-object-assign@^1.1.0":
  "version" "1.1.0"

"es6-promise@^4.0.3":
  "version" "4.2.8"

"es6-promisify@^5.0.0":
  "version" "5.0.0"
  dependencies:
    "es6-promise" "^4.0.3"

"escalade@^3.1.1":
  "version" "3.1.1"

"escape-string-regexp@4.0.0":
  "version" "4.0.0"

"event-stream@=3.3.4":
  "version" "3.3.4"
  dependencies:
    "duplexer" "~0.1.1"
    "from" "~0"
    "map-stream" "~0.1.0"
    "pause-stream" "0.0.11"
    "split" "0.3"
    "stream-combiner" "~0.0.4"
    "through" "~2.3.1"

"eventemitter3@^4.0.7":
  "version" "4.0.7"

"execa@5.1.1":
  "version" "5.1.1"
  dependencies:
    "cross-spawn" "^7.0.3"
    "get-stream" "^6.0.0"
    "human-signals" "^2.1.0"
    "is-stream" "^2.0.0"
    "merge-stream" "^2.0.0"
    "npm-run-path" "^4.0.1"
    "onetime" "^5.1.2"
    "signal-exit" "^3.0.3"
    "strip-final-newline" "^2.0.0"

"eyes@^0.1.8":
  "version" "0.1.8"

"file-uri-to-path@1.0.0":
  "version" "1.0.0"

"fill-range@^7.0.1":
  "version" "7.0.1"
  dependencies:
    "to-regex-range" "^5.0.1"

"find-up@5.0.0":
  "version" "5.0.0"
  dependencies:
    "locate-path" "^6.0.0"
    "path-exists" "^4.0.0"

"find@^0.3.0":
  "version" "0.3.0"
  dependencies:
    "traverse-chain" "~0.1.0"

"flat@^5.0.2":
  "version" "5.0.2"

"follow-redirects@^1.14.0":
  "version" "1.14.9"

"foreach@^2.0.5":
  "version" "2.0.5"

"form-data@^4.0.0":
  "version" "4.0.0"
  dependencies:
    "asynckit" "^0.4.0"
    "combined-stream" "^1.0.8"
    "mime-types" "^2.1.12"

"from@~0":
  "version" "0.1.7"

"fs-extra@^9.1.0":
  "version" "9.1.0"
  dependencies:
    "at-least-node" "^1.0.0"
    "graceful-fs" "^4.2.0"
    "jsonfile" "^6.0.1"
    "universalify" "^2.0.0"

"fs.realpath@^1.0.0":
  "version" "1.0.0"

"fsevents@~2.3.2":
  "version" "2.3.2"

"function-bind@^1.1.1":
  "version" "1.1.1"

"get-caller-file@^2.0.5":
  "version" "2.0.5"

"get-func-name@^2.0.0":
  "version" "2.0.0"

"get-intrinsic@^1.0.2", "get-intrinsic@^1.1.0", "get-intrinsic@^1.1.1":
  "version" "1.1.1"
  dependencies:
    "function-bind" "^1.1.1"
    "has" "^1.0.3"
    "has-symbols" "^1.0.1"

"get-stream@^6.0.0":
  "version" "6.0.1"

"get-symbol-description@^1.0.0":
  "version" "1.0.0"
  dependencies:
    "call-bind" "^1.0.2"
    "get-intrinsic" "^1.1.1"

"glob-parent@~5.1.2":
  "version" "5.1.2"
  dependencies:
    "is-glob" "^4.0.1"

"glob@^7.0.0", "glob@7.2.0":
  "version" "7.2.0"
  dependencies:
    "fs.realpath" "^1.0.0"
    "inflight" "^1.0.4"
    "inherits" "2"
    "minimatch" "^3.0.4"
    "once" "^1.3.0"
    "path-is-absolute" "^1.0.0"

"graceful-fs@^4.1.6", "graceful-fs@^4.2.0":
  "version" "4.2.9"

"growl@1.10.5":
  "version" "1.10.5"

"handlebars@^4.7.7":
  "version" "4.7.7"
  dependencies:
    "minimist" "^1.2.5"
    "neo-async" "^2.6.0"
    "source-map" "^0.6.1"
    "wordwrap" "^1.0.0"
  optionalDependencies:
    "uglify-js" "^3.1.4"

"has-bigints@^1.0.1":
  "version" "1.0.1"

"has-flag@^4.0.0":
  "version" "4.0.0"

"has-symbols@^1.0.1", "has-symbols@^1.0.2":
  "version" "1.0.3"

"has-tostringtag@^1.0.0":
  "version" "1.0.0"
  dependencies:
    "has-symbols" "^1.0.2"

"has@^1.0.3":
  "version" "1.0.3"
  dependencies:
    "function-bind" "^1.1.1"

"hash.js@^1.0.0", "hash.js@^1.0.3", "hash.js@1.1.7":
  "version" "1.1.7"
  dependencies:
    "inherits" "^2.0.3"
    "minimalistic-assert" "^1.0.1"

"he@1.2.0":
  "version" "1.2.0"

"hmac-drbg@^1.0.1":
  "version" "1.0.1"
  dependencies:
    "hash.js" "^1.0.3"
    "minimalistic-assert" "^1.0.0"
    "minimalistic-crypto-utils" "^1.0.1"

"human-signals@^2.1.0":
  "version" "2.1.0"

"ieee754@^1.2.1":
  "version" "1.2.1"

"inflight@^1.0.4":
  "version" "1.0.6"
  dependencies:
    "once" "^1.3.0"
    "wrappy" "1"

"inherits@^2.0.3", "inherits@^2.0.4", "inherits@2":
  "version" "2.0.4"

"internal-slot@^1.0.3":
  "version" "1.0.3"
  dependencies:
    "get-intrinsic" "^1.1.0"
    "has" "^1.0.3"
    "side-channel" "^1.0.4"

"interpret@^1.0.0":
  "version" "1.4.0"

"is-arguments@^1.0.4":
  "version" "1.1.1"
  dependencies:
    "call-bind" "^1.0.2"
    "has-tostringtag" "^1.0.0"

"is-bigint@^1.0.1":
  "version" "1.0.4"
  dependencies:
    "has-bigints" "^1.0.1"

"is-binary-path@~2.1.0":
  "version" "2.1.0"
  dependencies:
    "binary-extensions" "^2.0.0"

"is-boolean-object@^1.1.0":
  "version" "1.1.2"
  dependencies:
    "call-bind" "^1.0.2"
    "has-tostringtag" "^1.0.0"

"is-callable@^1.1.4", "is-callable@^1.2.4":
  "version" "1.2.4"

"is-core-module@^2.8.1":
  "version" "2.8.1"
  dependencies:
    "has" "^1.0.3"

"is-date-object@^1.0.1":
  "version" "1.0.5"
  dependencies:
    "has-tostringtag" "^1.0.0"

"is-extglob@^2.1.1":
  "version" "2.1.1"

"is-fullwidth-code-point@^3.0.0":
  "version" "3.0.0"

"is-generator-function@^1.0.7":
  "version" "1.0.10"
  dependencies:
    "has-tostringtag" "^1.0.0"

"is-glob@^4.0.1", "is-glob@~4.0.1":
  "version" "4.0.3"
  dependencies:
    "is-extglob" "^2.1.1"

"is-nan@^1.2.1":
  "version" "1.3.2"
  dependencies:
    "call-bind" "^1.0.0"
    "define-properties" "^1.1.3"

"is-negative-zero@^2.0.1":
  "version" "2.0.2"

"is-number-object@^1.0.4":
  "version" "1.0.6"
  dependencies:
    "has-tostringtag" "^1.0.0"

"is-number@^7.0.0":
  "version" "7.0.0"

"is-plain-obj@^2.1.0":
  "version" "2.1.0"

"is-regex@^1.1.4":
  "version" "1.1.4"
  dependencies:
    "call-bind" "^1.0.2"
    "has-tostringtag" "^1.0.0"

"is-shared-array-buffer@^1.0.1":
  "version" "1.0.1"

"is-stream@^2.0.0":
  "version" "2.0.1"

"is-string@^1.0.5", "is-string@^1.0.7":
  "version" "1.0.7"
  dependencies:
    "has-tostringtag" "^1.0.0"

"is-symbol@^1.0.2", "is-symbol@^1.0.3":
  "version" "1.0.4"
  dependencies:
    "has-symbols" "^1.0.2"

"is-typed-array@^1.1.3", "is-typed-array@^1.1.7":
  "version" "1.1.8"
  dependencies:
    "available-typed-arrays" "^1.0.5"
    "call-bind" "^1.0.2"
    "es-abstract" "^1.18.5"
    "foreach" "^2.0.5"
    "has-tostringtag" "^1.0.0"

"is-unicode-supported@^0.1.0":
  "version" "0.1.0"

"is-weakref@^1.0.1":
  "version" "1.0.2"
  dependencies:
    "call-bind" "^1.0.2"

"isexe@^2.0.0":
  "version" "2.0.0"

"isomorphic-ws@^4.0.1":
  "version" "4.0.1"

"jayson@^3.4.4":
  "version" "3.6.6"
  dependencies:
    "@types/connect" "^3.4.33"
    "@types/express-serve-static-core" "^4.17.9"
    "@types/lodash" "^4.14.159"
    "@types/node" "^12.12.54"
    "@types/ws" "^7.4.4"
    "commander" "^2.20.3"
    "delay" "^5.0.0"
    "es6-promisify" "^5.0.0"
    "eyes" "^0.1.8"
    "isomorphic-ws" "^4.0.1"
    "json-stringify-safe" "^5.0.1"
    "JSONStream" "^1.3.5"
    "lodash" "^4.17.20"
    "uuid" "^8.3.2"
    "ws" "^7.4.5"

"joi@^17.4.0":
  "version" "17.6.0"
  dependencies:
    "@hapi/hoek" "^9.0.0"
    "@hapi/topo" "^5.0.0"
    "@sideway/address" "^4.1.3"
    "@sideway/formula" "^3.0.0"
    "@sideway/pinpoint" "^2.0.0"

"js-sha256@^0.9.0":
  "version" "0.9.0"

"js-sha3@^0.8.0":
  "version" "0.8.0"

"js-yaml@4.1.0":
  "version" "4.1.0"
  dependencies:
    "argparse" "^2.0.1"

"jsbi@^3 || ^4":
  "integrity" "sha512-JzhwPkH7Ra8O1b5uHmWxl6N8ZumqGvMXgpKcsq0/iWlnB+KkzbekCIcLl3hu3sFGTLNXAuXIqY4STtE0ZfT1zA=="
  "resolved" "https://registry.npmjs.org/jsbi/-/jsbi-4.2.0.tgz"
  "version" "4.2.0"

"json-stringify-safe@^5.0.1":
  "version" "5.0.1"

"json5@^1.0.1":
  "version" "1.0.1"
  dependencies:
    "minimist" "^1.2.0"

"jsonc-parser@^3.0.0":
  "version" "3.0.0"

"jsonfile@^6.0.1":
  "version" "6.1.0"
  dependencies:
    "universalify" "^2.0.0"
  optionalDependencies:
    "graceful-fs" "^4.1.6"

"jsonparse@^1.2.0":
  "version" "1.3.1"

"JSONStream@^1.3.5":
  "version" "1.3.5"
  dependencies:
    "jsonparse" "^1.2.0"
    "through" ">=2.2.7 <3"

"lazy-ass@1.6.0":
  "version" "1.6.0"

"locate-path@^6.0.0":
  "version" "6.0.0"
  dependencies:
    "p-locate" "^5.0.0"

"lodash.camelcase@^4.3.0":
  "integrity" "sha1-soqmKIorn8ZRA1x3EfZathkDMaY="
  "resolved" "https://registry.npmjs.org/lodash.camelcase/-/lodash.camelcase-4.3.0.tgz"
  "version" "4.3.0"

"lodash.mapvalues@^4.6.0":
  "integrity" "sha1-G6+lAF3p3W9PJmaMMMo3IwzJaJw="
  "resolved" "https://registry.npmjs.org/lodash.mapvalues/-/lodash.mapvalues-4.6.0.tgz"
  "version" "4.6.0"

"lodash@^4.17.15", "lodash@^4.17.20", "lodash@^4.17.21":
  "version" "4.17.21"

"log-symbols@4.1.0":
  "version" "4.1.0"
  dependencies:
    "chalk" "^4.1.0"
    "is-unicode-supported" "^0.1.0"

"long@^4.0.0":
  "version" "4.0.0"

"loupe@^2.3.1":
  "version" "2.3.4"
  dependencies:
    "get-func-name" "^2.0.0"

"lower-case@^2.0.2":
  "version" "2.0.2"
  dependencies:
    "tslib" "^2.0.3"

"lunr@^2.3.9":
  "version" "2.3.9"

"make-error@^1.1.1":
  "version" "1.3.6"

"map-stream@~0.1.0":
  "version" "0.1.0"

"marked@~2.0.3":
  "version" "2.0.7"

"merge-stream@^2.0.0":
  "version" "2.0.0"

"mime-db@1.52.0":
  "version" "1.52.0"

"mime-types@^2.1.12":
  "version" "2.1.35"
  dependencies:
    "mime-db" "1.52.0"

"mimic-fn@^2.1.0":
  "version" "2.1.0"

"minimalistic-assert@^1.0.0", "minimalistic-assert@^1.0.1":
  "version" "1.0.1"

"minimalistic-crypto-utils@^1.0.1":
  "version" "1.0.1"

"minimatch@^3.0.0", "minimatch@^3.0.4":
  "version" "3.1.2"
  dependencies:
    "brace-expansion" "^1.1.7"

"minimatch@3.0.4":
  "version" "3.0.4"
  dependencies:
    "brace-expansion" "^1.1.7"

"minimist@^1.2.0", "minimist@^1.2.5", "minimist@^1.2.6":
  "integrity" "sha512-Jsjnk4bw3YJqYzbdyBiNsPWHPfO++UGG749Cxs6peCu5Xg4nrena6OVxOYxrQTqww0Jmwt+Ref8rggumkTLz9Q=="
  "resolved" "https://registry.npmjs.org/minimist/-/minimist-1.2.6.tgz"
  "version" "1.2.6"

"mkdirp@^0.5.1":
  "integrity" "sha512-FP+p8RB8OWpF3YZBCrP5gtADmtXApB5AMLn+vdyA+PyxCjrCs00mjyUozssO33cwDeT3wNGdLxJ5M//YqtHAJw=="
  "resolved" "https://registry.npmjs.org/mkdirp/-/mkdirp-0.5.6.tgz"
  "version" "0.5.6"
  dependencies:
    "minimist" "^1.2.6"

"mocha@^3.X.X || ^4.X.X || ^5.X.X || ^6.X.X || ^7.X.X || ^8.X.X || ^9.X.X", "mocha@^9.0.3":
  "version" "9.2.1"
  dependencies:
    "@ungap/promise-all-settled" "1.1.2"
    "ansi-colors" "4.1.1"
    "browser-stdout" "1.3.1"
    "chokidar" "3.5.3"
    "debug" "4.3.3"
    "diff" "5.0.0"
    "escape-string-regexp" "4.0.0"
    "find-up" "5.0.0"
    "glob" "7.2.0"
    "growl" "1.10.5"
    "he" "1.2.0"
    "js-yaml" "4.1.0"
    "log-symbols" "4.1.0"
    "minimatch" "3.0.4"
    "ms" "2.1.3"
    "nanoid" "3.2.0"
    "serialize-javascript" "6.0.0"
    "strip-json-comments" "3.1.1"
    "supports-color" "8.1.1"
    "which" "2.0.2"
    "workerpool" "6.2.0"
    "yargs" "16.2.0"
    "yargs-parser" "20.2.4"
    "yargs-unparser" "2.0.0"

"ms@2.1.2":
  "version" "2.1.2"

"ms@2.1.3":
  "version" "2.1.3"

"nanoid@3.2.0":
  "version" "3.2.0"

"neo-async@^2.6.0":
  "version" "2.6.2"

"no-case@^3.0.4":
  "version" "3.0.4"
  dependencies:
    "lower-case" "^2.0.2"
    "tslib" "^2.0.3"

"node-addon-api@^2.0.0":
  "version" "2.0.2"

"node-fetch@2.6.7":
  "version" "2.6.7"
  dependencies:
    "whatwg-url" "^5.0.0"

"node-gyp-build@^4.2.0", "node-gyp-build@^4.3.0":
  "version" "4.3.0"

"normalize-path@^3.0.0", "normalize-path@~3.0.0":
  "version" "3.0.0"

"npm-run-path@^4.0.1":
  "version" "4.0.1"
  dependencies:
    "path-key" "^3.0.0"

"object-hash@^1.3.1":
  "version" "1.3.1"

"object-inspect@^1.11.0", "object-inspect@^1.9.0":
  "version" "1.12.0"

"object-is@^1.0.1":
  "version" "1.1.5"
  dependencies:
    "call-bind" "^1.0.2"
    "define-properties" "^1.1.3"

"object-keys@^1.0.12", "object-keys@^1.1.1":
  "version" "1.1.1"

"object.assign@^4.1.2":
  "version" "4.1.2"
  dependencies:
    "call-bind" "^1.0.0"
    "define-properties" "^1.1.3"
    "has-symbols" "^1.0.1"
    "object-keys" "^1.1.1"

"once@^1.3.0":
  "version" "1.4.0"
  dependencies:
    "wrappy" "1"

"onetime@^5.1.2":
  "version" "5.1.2"
  dependencies:
    "mimic-fn" "^2.1.0"

"p-limit@^3.0.2":
  "version" "3.1.0"
  dependencies:
    "yocto-queue" "^0.1.0"

"p-locate@^5.0.0":
  "version" "5.0.0"
  dependencies:
    "p-limit" "^3.0.2"

"pako@^2.0.3":
  "version" "2.0.4"

"path-exists@^4.0.0":
  "version" "4.0.0"

"path-is-absolute@^1.0.0":
  "version" "1.0.1"

"path-key@^3.0.0", "path-key@^3.1.0":
  "version" "3.1.1"

"path-parse@^1.0.7":
  "version" "1.0.7"

"pathval@^1.1.1":
  "version" "1.1.1"

"pause-stream@0.0.11":
  "version" "0.0.11"
  dependencies:
    "through" "~2.3"

"picomatch@^2.0.4", "picomatch@^2.2.1":
  "version" "2.3.1"

"prettier@^2.5.1":
  "version" "2.5.1"

"progress@^2.0.3":
  "version" "2.0.3"

"promise-retry@^2.0.1":
  "integrity" "sha512-y+WKFlBR8BGXnsNlIHFGPZmyDf3DFMoLhaflAnyZgV6rG6xu+JwesTo2Q9R6XwYmtmwAFCkAk3e35jEdoeh/3g=="
  "resolved" "https://registry.npmjs.org/promise-retry/-/promise-retry-2.0.1.tgz"
  "version" "2.0.1"
  dependencies:
    "err-code" "^2.0.2"
    "retry" "^0.12.0"

"protobufjs@^6.10.2", "protobufjs@^6.8.8":
  "version" "6.11.2"
  dependencies:
    "@protobufjs/aspromise" "^1.1.2"
    "@protobufjs/base64" "^1.1.2"
    "@protobufjs/codegen" "^2.0.4"
    "@protobufjs/eventemitter" "^1.1.0"
    "@protobufjs/fetch" "^1.1.0"
    "@protobufjs/float" "^1.0.2"
    "@protobufjs/inquire" "^1.1.0"
    "@protobufjs/path" "^1.1.2"
    "@protobufjs/pool" "^1.1.0"
    "@protobufjs/utf8" "^1.1.0"
    "@types/long" "^4.0.1"
    "@types/node" ">=13.7.0"
    "long" "^4.0.0"

"ps-tree@1.2.0":
  "version" "1.2.0"
  dependencies:
    "event-stream" "=3.3.4"

"randombytes@^2.1.0":
  "version" "2.1.0"
  dependencies:
    "safe-buffer" "^5.1.0"

"readdirp@~3.6.0":
  "version" "3.6.0"
  dependencies:
    "picomatch" "^2.2.1"

"rechoir@^0.6.2":
  "version" "0.6.2"
  dependencies:
    "resolve" "^1.1.6"

"regenerator-runtime@^0.13.4":
  "version" "0.13.9"

"require-directory@^2.1.1":
  "version" "2.1.1"

"resolve@^1.1.6":
  "version" "1.22.0"
  dependencies:
    "is-core-module" "^2.8.1"
    "path-parse" "^1.0.7"
    "supports-preserve-symlinks-flag" "^1.0.0"

"retry@^0.12.0":
  "integrity" "sha1-G0KmJmoh8HQh0bC1S33BZ7AcATs="
  "resolved" "https://registry.npmjs.org/retry/-/retry-0.12.0.tgz"
  "version" "0.12.0"

"retry@^0.13.1":
  "integrity" "sha512-XQBQ3I8W1Cge0Seh+6gjj03LbmRFWuoszgK9ooCpwYIrhhoO80pfq4cUkU5DkknwfOfFteRwlZ56PYOGYyFWdg=="
  "resolved" "https://registry.npmjs.org/retry/-/retry-0.13.1.tgz"
  "version" "0.13.1"

"rpc-websockets@^7.4.12", "rpc-websockets@^7.4.2":
  "version" "7.4.17"
  dependencies:
    "@babel/runtime" "^7.11.2"
    "circular-json" "^0.5.9"
    "eventemitter3" "^4.0.7"
    "uuid" "^8.3.0"
    "ws" "^7.4.5"
  optionalDependencies:
    "bufferutil" "^4.0.1"
    "utf-8-validate" "^5.0.2"

"rxjs@^7.1.0":
  "version" "7.5.5"
  dependencies:
    "tslib" "^2.1.0"

"safe-buffer@^5.0.1", "safe-buffer@^5.1.0", "safe-buffer@^5.1.2":
  "version" "5.2.1"

"secp256k1@^4.0.2":
  "version" "4.0.3"
  dependencies:
    "elliptic" "^6.5.4"
    "node-addon-api" "^2.0.0"
    "node-gyp-build" "^4.2.0"

"serialize-javascript@6.0.0":
  "version" "6.0.0"
  dependencies:
    "randombytes" "^2.1.0"

"shebang-command@^2.0.0":
  "version" "2.0.0"
  dependencies:
    "shebang-regex" "^3.0.0"

"shebang-regex@^3.0.0":
  "version" "3.0.0"

"shelljs@^0.8.4":
  "version" "0.8.5"
  dependencies:
    "glob" "^7.0.0"
    "interpret" "^1.0.0"
    "rechoir" "^0.6.2"

"shiki@^0.9.3":
  "version" "0.9.15"
  dependencies:
    "jsonc-parser" "^3.0.0"
    "vscode-oniguruma" "^1.6.1"
    "vscode-textmate" "5.2.0"

"side-channel@^1.0.4":
  "version" "1.0.4"
  dependencies:
    "call-bind" "^1.0.0"
    "get-intrinsic" "^1.0.2"
    "object-inspect" "^1.9.0"

"signal-exit@^3.0.3":
  "version" "3.0.7"

"snake-case@^3.0.4":
  "version" "3.0.4"
  dependencies:
    "dot-case" "^3.0.4"
    "tslib" "^2.0.3"

"source-map-support@^0.5.6":
  "integrity" "sha512-uBHU3L3czsIyYXKX88fdrGovxdSCoTGDRZ6SYXtSRxLZUzHg5P/66Ht6uoUlHu9EZod+inXhKo3qQgwXUT/y1w=="
  "resolved" "https://registry.npmjs.org/source-map-support/-/source-map-support-0.5.21.tgz"
  "version" "0.5.21"
  dependencies:
    "buffer-from" "^1.0.0"
    "source-map" "^0.6.0"

"source-map@^0.6.0", "source-map@^0.6.1":
  "version" "0.6.1"

"split@0.3":
  "version" "0.3.3"
  dependencies:
    "through" "2"

"start-server-and-test@^1.14.0":
  "version" "1.14.0"
  dependencies:
    "bluebird" "3.7.2"
    "check-more-types" "2.24.0"
    "debug" "4.3.2"
    "execa" "5.1.1"
    "lazy-ass" "1.6.0"
    "ps-tree" "1.2.0"
    "wait-on" "6.0.0"

"stream-combiner@~0.0.4":
  "version" "0.0.4"
  dependencies:
    "duplexer" "~0.1.1"

"string-width@^4.1.0", "string-width@^4.2.0", "string-width@^4.2.3":
  "version" "4.2.3"
  dependencies:
    "emoji-regex" "^8.0.0"
    "is-fullwidth-code-point" "^3.0.0"
    "strip-ansi" "^6.0.1"

"string.prototype.trimend@^1.0.4":
  "version" "1.0.4"
  dependencies:
    "call-bind" "^1.0.2"
    "define-properties" "^1.1.3"

"string.prototype.trimstart@^1.0.4":
  "version" "1.0.4"
  dependencies:
    "call-bind" "^1.0.2"
    "define-properties" "^1.1.3"

"strip-ansi@^6.0.0", "strip-ansi@^6.0.1":
  "version" "6.0.1"
  dependencies:
    "ansi-regex" "^5.0.1"

"strip-bom@^3.0.0":
  "version" "3.0.0"

"strip-final-newline@^2.0.0":
  "version" "2.0.0"

"strip-json-comments@3.1.1":
  "version" "3.1.1"

"superstruct@^0.14.2":
  "version" "0.14.2"

"supports-color@^7.1.0":
  "version" "7.2.0"
  dependencies:
    "has-flag" "^4.0.0"

"supports-color@8.1.1":
  "version" "8.1.1"
  dependencies:
    "has-flag" "^4.0.0"

"supports-preserve-symlinks-flag@^1.0.0":
  "version" "1.0.0"

"text-encoding-utf-8@^1.0.2":
  "version" "1.0.2"

"through@>=2.2.7 <3", "through@~2.3", "through@~2.3.1", "through@2":
  "version" "2.3.8"

"tiny-invariant@^1.2.0":
  "integrity" "sha512-1Uhn/aqw5C6RI4KejVeTg6mIS7IqxnLJ8Mv2tV5rTc0qWobay7pDUz6Wi392Cnc8ak1H0F2cjoRzb2/AW4+Fvg=="
  "resolved" "https://registry.npmjs.org/tiny-invariant/-/tiny-invariant-1.2.0.tgz"
  "version" "1.2.0"

"to-regex-range@^5.0.1":
  "version" "5.0.1"
  dependencies:
    "is-number" "^7.0.0"

"toformat@^2.0.0":
  "integrity" "sha512-03SWBVop6nU8bpyZCx7SodpYznbZF5R4ljwNLBcTQzKOD9xuihRo/psX58llS1BMFhhAI08H3luot5GoXJz2pQ=="
  "resolved" "https://registry.npmjs.org/toformat/-/toformat-2.0.0.tgz"
  "version" "2.0.0"

"toml@^3.0.0":
  "version" "3.0.0"

"tr46@~0.0.3":
  "version" "0.0.3"

"traverse-chain@~0.1.0":
  "version" "0.1.0"

"ts-mocha@^9.0.2":
  "version" "9.0.2"
  dependencies:
    "ts-node" "7.0.1"
  optionalDependencies:
    "tsconfig-paths" "^3.5.0"

"ts-node@^10.7.0":
  "integrity" "sha512-TbIGS4xgJoX2i3do417KSaep1uRAW/Lu+WAL2doDHC0D6ummjirVOXU5/7aiZotbQ5p1Zp9tP7U6cYhA0O7M8A=="
  "resolved" "https://registry.npmjs.org/ts-node/-/ts-node-10.7.0.tgz"
  "version" "10.7.0"
  dependencies:
    "@cspotcode/source-map-support" "0.7.0"
    "@tsconfig/node10" "^1.0.7"
    "@tsconfig/node12" "^1.0.7"
    "@tsconfig/node14" "^1.0.0"
    "@tsconfig/node16" "^1.0.2"
    "acorn" "^8.4.1"
    "acorn-walk" "^8.1.1"
    "arg" "^4.1.0"
    "create-require" "^1.1.0"
    "diff" "^4.0.1"
    "make-error" "^1.1.1"
    "v8-compile-cache-lib" "^3.0.0"
    "yn" "3.1.1"

"ts-node@7.0.1":
  "integrity" "sha512-BVwVbPJRspzNh2yfslyT1PSbl5uIk03EZlb493RKHN4qej/D06n1cEhjlOJG69oFsE7OT8XjpTUcYf6pKTLMhw=="
  "resolved" "https://registry.npmjs.org/ts-node/-/ts-node-7.0.1.tgz"
  "version" "7.0.1"
  dependencies:
    "arrify" "^1.0.0"
    "buffer-from" "^1.1.0"
    "diff" "^3.1.0"
    "make-error" "^1.1.1"
    "minimist" "^1.2.0"
    "mkdirp" "^0.5.1"
    "source-map-support" "^0.5.6"
    "yn" "^2.0.0"

"ts-poet@^4.10.0":
  "version" "4.10.0"
  dependencies:
    "lodash" "^4.17.15"
    "prettier" "^2.5.1"

"ts-proto-descriptors@1.6.0":
  "version" "1.6.0"
  dependencies:
    "long" "^4.0.0"
    "protobufjs" "^6.8.8"

"ts-proto@^1.79.0":
  "version" "1.110.0"
  dependencies:
    "@types/object-hash" "^1.3.0"
    "dataloader" "^1.4.0"
    "object-hash" "^1.3.1"
    "protobufjs" "^6.8.8"
    "ts-poet" "^4.10.0"
    "ts-proto-descriptors" "1.6.0"

"tsconfig-paths@^3.5.0":
  "version" "3.13.0"
  dependencies:
    "@types/json5" "^0.0.29"
    "json5" "^1.0.1"
    "minimist" "^1.2.0"
    "strip-bom" "^3.0.0"

"tslib@^2.0.3", "tslib@^2.1.0", "tslib@^2.3.1":
  "version" "2.3.1"

"tweetnacl@^1.0.0":
  "version" "1.0.3"

"type-detect@^4.0.0", "type-detect@^4.0.5":
  "version" "4.0.8"

"typedoc-default-themes@^0.12.10":
  "version" "0.12.10"

"typedoc@^0.20.36":
  "version" "0.20.37"
  dependencies:
    "colors" "^1.4.0"
    "fs-extra" "^9.1.0"
    "handlebars" "^4.7.7"
    "lodash" "^4.17.21"
    "lunr" "^2.3.9"
    "marked" "~2.0.3"
    "minimatch" "^3.0.0"
    "progress" "^2.0.3"
    "shelljs" "^0.8.4"
    "shiki" "^0.9.3"
    "typedoc-default-themes" "^0.12.10"

"typescript@^4.2.4", "typescript@^4.3.5", "typescript@>=2.7", "typescript@3.9.x || 4.0.x || 4.1.x || 4.2.x":
  "version" "4.6.2"

"uglify-js@^3.1.4":
  "version" "3.15.3"

"unbox-primitive@^1.0.1":
  "version" "1.0.1"
  dependencies:
    "function-bind" "^1.1.1"
    "has-bigints" "^1.0.1"
    "has-symbols" "^1.0.2"
    "which-boxed-primitive" "^1.0.2"

"universalify@^2.0.0":
  "version" "2.0.0"

"utf-8-validate@^5.0.2":
  "version" "5.0.8"
  dependencies:
    "node-gyp-build" "^4.3.0"

"util@^0.12.0":
  "version" "0.12.4"
  dependencies:
    "inherits" "^2.0.3"
    "is-arguments" "^1.0.4"
    "is-generator-function" "^1.0.7"
    "is-typed-array" "^1.1.3"
    "safe-buffer" "^5.1.2"
    "which-typed-array" "^1.1.2"

"uuid@^8.3.0", "uuid@^8.3.2":
  "version" "8.3.2"

"v8-compile-cache-lib@^3.0.0":
  "integrity" "sha512-mpSYqfsFvASnSn5qMiwrr4VKfumbPyONLCOPmsR3A6pTY/r0+tSaVbgPWSAIuzbk3lCTa+FForeTiO+wBQGkjA=="
  "resolved" "https://registry.npmjs.org/v8-compile-cache-lib/-/v8-compile-cache-lib-3.0.0.tgz"
  "version" "3.0.0"

"vscode-oniguruma@^1.6.1":
  "version" "1.6.2"

"vscode-textmate@5.2.0":
  "version" "5.2.0"

"wait-on@6.0.0":
  "version" "6.0.0"
  dependencies:
    "axios" "^0.21.1"
    "joi" "^17.4.0"
    "lodash" "^4.17.21"
    "minimist" "^1.2.5"
    "rxjs" "^7.1.0"

"webidl-conversions@^3.0.0":
  "version" "3.0.1"

"whatwg-url@^5.0.0":
  "version" "5.0.0"
  dependencies:
    "tr46" "~0.0.3"
    "webidl-conversions" "^3.0.0"

"which-boxed-primitive@^1.0.2":
  "version" "1.0.2"
  dependencies:
    "is-bigint" "^1.0.1"
    "is-boolean-object" "^1.1.0"
    "is-number-object" "^1.0.4"
    "is-string" "^1.0.5"
    "is-symbol" "^1.0.3"

"which-typed-array@^1.1.2":
  "version" "1.1.7"
  dependencies:
    "available-typed-arrays" "^1.0.5"
    "call-bind" "^1.0.2"
    "es-abstract" "^1.18.5"
    "foreach" "^2.0.5"
    "has-tostringtag" "^1.0.0"
    "is-typed-array" "^1.1.7"

"which@^2.0.1", "which@2.0.2":
  "version" "2.0.2"
  dependencies:
    "isexe" "^2.0.0"

"wordwrap@^1.0.0":
  "version" "1.0.0"

"workerpool@6.2.0":
  "version" "6.2.0"

"wrap-ansi@^7.0.0":
  "version" "7.0.0"
  dependencies:
    "ansi-styles" "^4.0.0"
    "string-width" "^4.1.0"
    "strip-ansi" "^6.0.0"

"wrappy@1":
  "version" "1.0.2"

"ws@*", "ws@^7.4.5", "ws@^7.4.6":
  "version" "7.5.7"

"y18n@^5.0.5":
  "version" "5.0.8"

"yargs-parser@^20.2.2", "yargs-parser@20.2.4":
  "version" "20.2.4"

"yargs-parser@^21.0.0":
  "integrity" "sha512-9BK1jFpLzJROCI5TzwZL/TU4gqjK5xiHV/RfWLOahrjAko/e4DJkRDZQXfvqAsiZzzYhgAzbgz6lg48jcm4GLg=="
  "resolved" "https://registry.npmjs.org/yargs-parser/-/yargs-parser-21.0.1.tgz"
  "version" "21.0.1"

"yargs-unparser@2.0.0":
  "version" "2.0.0"
  dependencies:
    "camelcase" "^6.0.0"
    "decamelize" "^4.0.0"
    "flat" "^5.0.2"
    "is-plain-obj" "^2.1.0"

"yargs@^17.4.0":
  "integrity" "sha512-WJudfrk81yWFSOkZYpAZx4Nt7V4xp7S/uJkX0CnxovMCt1wCE8LNftPpNuF9X/u9gN5nsD7ycYtRcDf2pL3UiA=="
  "resolved" "https://registry.npmjs.org/yargs/-/yargs-17.4.0.tgz"
  "version" "17.4.0"
  dependencies:
    "cliui" "^7.0.2"
    "escalade" "^3.1.1"
    "get-caller-file" "^2.0.5"
    "require-directory" "^2.1.1"
    "string-width" "^4.2.3"
    "y18n" "^5.0.5"
    "yargs-parser" "^21.0.0"

"yargs@16.2.0":
  "integrity" "sha512-D1mvvtDG0L5ft/jGWkLpG1+m0eQxOfaBvTNELraWj22wSVUMWxZUvYgJYcKh6jGGIkJFhH4IZPQhR4TKpc8mBw=="
  "resolved" "https://registry.npmjs.org/yargs/-/yargs-16.2.0.tgz"
  "version" "16.2.0"
  dependencies:
    "cliui" "^7.0.2"
    "escalade" "^3.1.1"
    "get-caller-file" "^2.0.5"
    "require-directory" "^2.1.1"
    "string-width" "^4.2.0"
    "y18n" "^5.0.5"
    "yargs-parser" "^20.2.2"

"yn@^2.0.0":
  "integrity" "sha1-5a2ryKz0CPY4X8dklWhMiOavaJo="
  "resolved" "https://registry.npmjs.org/yn/-/yn-2.0.0.tgz"
  "version" "2.0.0"

"yn@3.1.1":
  "integrity" "sha512-Ux4ygGWsu2c7isFWe8Yu1YluJmqVhxqK2cLXNQA5AcC3QfbGNpM7fu0Y8b/z16pXLnFxZYvWhd3fhBY9DLmC6Q=="
  "resolved" "https://registry.npmjs.org/yn/-/yn-3.1.1.tgz"
  "version" "3.1.1"

"yocto-queue@^0.1.0":
  "version" "0.1.0"
